{
  "name": "minmax-tic-tac-toe",
  "version": "1.0.0",
  "lockfileVersion": 1,
  "requires": true,
  "dependencies": {
    "idb": {
      "version": "6.1.5",
      "resolved": "https://registry.npmjs.org/idb/-/idb-6.1.5.tgz",
      "integrity": "sha512-IJtugpKkiVXQn5Y+LteyBCNk1N8xpGV3wWZk9EVtZWH8DYkjBn0bX1XnGP9RkyZF0sAcywa6unHqSWKe7q4LGw=="
    },
    "workbox-background-sync": {
      "version": "6.4.2",
      "resolved": "https://registry.npmjs.org/workbox-background-sync/-/workbox-background-sync-6.4.2.tgz",
      "integrity": "sha512-P7c8uG5X2k+DMICH9xeSA9eUlCOjHHYoB42Rq+RtUpuwBxUOflAXR1zdsMWj81LopE4gjKXlTw7BFd1BDAHo7g==",
      "requires": {
        "idb": "^6.1.4",
        "workbox-core": "6.4.2"
      }
    },
    "workbox-cacheable-response": {
      "version": "6.4.2",
      "resolved": "https://registry.npmjs.org/workbox-cacheable-response/-/workbox-cacheable-response-6.4.2.tgz",
      "integrity": "sha512-9FE1W/cKffk1AJzImxgEN0ceWpyz1tqNjZVtA3/LAvYL3AC5SbIkhc7ZCO82WmO9IjTfu8Vut2X/C7ViMSF7TA==",
      "requires": {
        "workbox-core": "6.4.2"
      }
    },
    "workbox-core": {
      "version": "6.4.2",
      "resolved": "https://registry.npmjs.org/workbox-core/-/workbox-core-6.4.2.tgz",
      "integrity": "sha512-1U6cdEYPcajRXiboSlpJx6U7TvhIKbxRRerfepAJu2hniKwJ3DHILjpU/zx3yvzSBCWcNJDoFalf7Vgd7ey/rw=="
    },
    "workbox-expiration": {
      "version": "6.4.2",
      "resolved": "https://registry.npmjs.org/workbox-expiration/-/workbox-expiration-6.4.2.tgz",
      "integrity": "sha512-0hbpBj0tDnW+DZOUmwZqntB/8xrXOgO34i7s00Si/VlFJvvpRKg1leXdHHU8ykoSBd6+F2KDcMP3swoCi5guLw==",
      "requires": {
        "idb": "^6.1.4",
        "workbox-core": "6.4.2"
      }
    },
    "workbox-google-analytics": {
      "version": "6.4.2",
      "resolved": "https://registry.npmjs.org/workbox-google-analytics/-/workbox-google-analytics-6.4.2.tgz",
      "integrity": "sha512-u+gxs3jXovPb1oul4CTBOb+T9fS1oZG+ZE6AzS7l40vnyfJV79DaLBvlpEZfXGv3CjMdV1sT/ltdOrKzo7HcGw==",
      "requires": {
        "workbox-background-sync": "6.4.2",
        "workbox-core": "6.4.2",
        "workbox-routing": "6.4.2",
        "workbox-strategies": "6.4.2"
      }
    },
    "workbox-routing": {
      "version": "6.4.2",
      "resolved": "https://registry.npmjs.org/workbox-routing/-/workbox-routing-6.4.2.tgz",
      "integrity": "sha512-0ss/n9PAcHjTy4Ad7l2puuod4WtsnRYu9BrmHcu6Dk4PgWeJo1t5VnGufPxNtcuyPGQ3OdnMdlmhMJ57sSrrSw==",
      "requires": {
        "workbox-core": "6.4.2"
      }
    },
    "workbox-strategies": {
      "version": "6.4.2",
      "resolved": "https://registry.npmjs.org/workbox-strategies/-/workbox-strategies-6.4.2.tgz",
      "integrity": "sha512-YXh9E9dZGEO1EiPC3jPe2CbztO5WT8Ruj8wiYZM56XqEJp5YlGTtqRjghV+JovWOqkWdR+amJpV31KPWQUvn1Q==",
      "requires": {
        "workbox-core": "6.4.2"
      }
    }
  }
}
